// !$*UTF8*$!
{
	archiveVersion = 1;
	classes = {
	};
	objectVersion = 56;
	objects = {

/* Begin PBXBuildFile section */
		78B3611A2A811C6200A3463D /* CustomListRowView.swift in Sources */ = {isa = PBXBuildFile; fileRef = 78B361192A811C6200A3463D /* CustomListRowView.swift */; };
		78DD0A102A7D793B00EA2939 /* HikeApp.swift in Sources */ = {isa = PBXBuildFile; fileRef = 78DD0A0F2A7D793B00EA2939 /* HikeApp.swift */; };
		78DD0A122A7D793B00EA2939 /* ContentView.swift in Sources */ = {isa = PBXBuildFile; fileRef = 78DD0A112A7D793B00EA2939 /* ContentView.swift */; };
		78DD0A142A7D793D00EA2939 /* Assets.xcassets in Resources */ = {isa = PBXBuildFile; fileRef = 78DD0A132A7D793D00EA2939 /* Assets.xcassets */; };
		78DD0A172A7D793D00EA2939 /* Preview Assets.xcassets in Resources */ = {isa = PBXBuildFile; fileRef = 78DD0A162A7D793D00EA2939 /* Preview Assets.xcassets */; };
		78DD0A1E2A7D82A700EA2939 /* CardView.swift in Sources */ = {isa = PBXBuildFile; fileRef = 78DD0A1D2A7D82A700EA2939 /* CardView.swift */; };
		78DD0A212A7D842F00EA2939 /* CustomBackgroundView.swift in Sources */ = {isa = PBXBuildFile; fileRef = 78DD0A202A7D842F00EA2939 /* CustomBackgroundView.swift */; };
		78DD0A242A7D874200EA2939 /* ColorExtension.swift in Sources */ = {isa = PBXBuildFile; fileRef = 78DD0A232A7D874200EA2939 /* ColorExtension.swift */; };
		78DD0A262A7DB77D00EA2939 /* CustomButtonView.swift in Sources */ = {isa = PBXBuildFile; fileRef = 78DD0A252A7DB77D00EA2939 /* CustomButtonView.swift */; };
		78DD0A282A7EB3DC00EA2939 /* GradientButtonStyle.swift in Sources */ = {isa = PBXBuildFile; fileRef = 78DD0A272A7EB3DC00EA2939 /* GradientButtonStyle.swift */; };
		78DD0A2A2A7EC00B00EA2939 /* CustomCircleView.swift in Sources */ = {isa = PBXBuildFile; fileRef = 78DD0A292A7EC00B00EA2939 /* CustomCircleView.swift */; };
		78DD0A2C2A7F035800EA2939 /* MotionAnimationView.swift in Sources */ = {isa = PBXBuildFile; fileRef = 78DD0A2B2A7F035800EA2939 /* MotionAnimationView.swift */; };
		78DD0A2F2A7F14E900EA2939 /* SettingsView.swift in Sources */ = {isa = PBXBuildFile; fileRef = 78DD0A2E2A7F14E900EA2939 /* SettingsView.swift */; };
/* End PBXBuildFile section */

/* Begin PBXFileReference section */
		78B361192A811C6200A3463D /* CustomListRowView.swift */ = {isa = PBXFileReference; lastKnownFileType = sourcecode.swift; path = CustomListRowView.swift; sourceTree = "<group>"; };
		78DD0A0C2A7D793B00EA2939 /* Hike.app */ = {isa = PBXFileReference; explicitFileType = wrapper.application; includeInIndex = 0; path = Hike.app; sourceTree = BUILT_PRODUCTS_DIR; };
		78DD0A0F2A7D793B00EA2939 /* HikeApp.swift */ = {isa = PBXFileReference; lastKnownFileType = sourcecode.swift; path = HikeApp.swift; sourceTree = "<group>"; };
		78DD0A112A7D793B00EA2939 /* ContentView.swift */ = {isa = PBXFileReference; lastKnownFileType = sourcecode.swift; path = ContentView.swift; sourceTree = "<group>"; };
		78DD0A132A7D793D00EA2939 /* Assets.xcassets */ = {isa = PBXFileReference; lastKnownFileType = folder.assetcatalog; path = Assets.xcassets; sourceTree = "<group>"; };
		78DD0A162A7D793D00EA2939 /* Preview Assets.xcassets */ = {isa = PBXFileReference; lastKnownFileType = folder.assetcatalog; path = "Preview Assets.xcassets"; sourceTree = "<group>"; };
		78DD0A1D2A7D82A700EA2939 /* CardView.swift */ = {isa = PBXFileReference; lastKnownFileType = sourcecode.swift; path = CardView.swift; sourceTree = "<group>"; };
		78DD0A202A7D842F00EA2939 /* CustomBackgroundView.swift */ = {isa = PBXFileReference; lastKnownFileType = sourcecode.swift; path = CustomBackgroundView.swift; sourceTree = "<group>"; };
		78DD0A232A7D874200EA2939 /* ColorExtension.swift */ = {isa = PBXFileReference; lastKnownFileType = sourcecode.swift; path = ColorExtension.swift; sourceTree = "<group>"; };
		78DD0A252A7DB77D00EA2939 /* CustomButtonView.swift */ = {isa = PBXFileReference; lastKnownFileType = sourcecode.swift; path = CustomButtonView.swift; sourceTree = "<group>"; };
		78DD0A272A7EB3DC00EA2939 /* GradientButtonStyle.swift */ = {isa = PBXFileReference; lastKnownFileType = sourcecode.swift; path = GradientButtonStyle.swift; sourceTree = "<group>"; };
		78DD0A292A7EC00B00EA2939 /* CustomCircleView.swift */ = {isa = PBXFileReference; lastKnownFileType = sourcecode.swift; path = CustomCircleView.swift; sourceTree = "<group>"; };
		78DD0A2B2A7F035800EA2939 /* MotionAnimationView.swift */ = {isa = PBXFileReference; lastKnownFileType = sourcecode.swift; path = MotionAnimationView.swift; sourceTree = "<group>"; };
		78DD0A2E2A7F14E900EA2939 /* SettingsView.swift */ = {isa = PBXFileReference; lastKnownFileType = sourcecode.swift; path = SettingsView.swift; sourceTree = "<group>"; };
/* End PBXFileReference section */

/* Begin PBXFrameworksBuildPhase section */
		78DD0A092A7D793B00EA2939 /* Frameworks */ = {
			isa = PBXFrameworksBuildPhase;
			buildActionMask = 2147483647;
			files = (
			);
			runOnlyForDeploymentPostprocessing = 0;
		};
/* End PBXFrameworksBuildPhase section */

/* Begin PBXGroup section */
		78DD0A032A7D793B00EA2939 = {
			isa = PBXGroup;
			children = (
				78DD0A0E2A7D793B00EA2939 /* Hike */,
				78DD0A0D2A7D793B00EA2939 /* Products */,
			);
			sourceTree = "<group>";
		};
		78DD0A0D2A7D793B00EA2939 /* Products */ = {
			isa = PBXGroup;
			children = (
				78DD0A0C2A7D793B00EA2939 /* Hike.app */,
			);
			name = Products;
			sourceTree = "<group>";
		};
		78DD0A0E2A7D793B00EA2939 /* Hike */ = {
			isa = PBXGroup;
			children = (
				78DD0A0F2A7D793B00EA2939 /* HikeApp.swift */,
				78DD0A2D2A7F14CD00EA2939 /* Screen */,
				78DD0A132A7D793D00EA2939 /* Assets.xcassets */,
				78DD0A152A7D793D00EA2939 /* Preview Content */,
				78DD0A1F2A7D83F700EA2939 /* Components */,
				78DD0A222A7D86F600EA2939 /* Utility */,
			);
			path = Hike;
			sourceTree = "<group>";
		};
		78DD0A152A7D793D00EA2939 /* Preview Content */ = {
			isa = PBXGroup;
			children = (
				78DD0A162A7D793D00EA2939 /* Preview Assets.xcassets */,
			);
			path = "Preview Content";
			sourceTree = "<group>";
		};
		78DD0A1F2A7D83F700EA2939 /* Components */ = {
			isa = PBXGroup;
			children = (
				78DD0A1D2A7D82A700EA2939 /* CardView.swift */,
				78DD0A202A7D842F00EA2939 /* CustomBackgroundView.swift */,
				78DD0A252A7DB77D00EA2939 /* CustomButtonView.swift */,
				78DD0A292A7EC00B00EA2939 /* CustomCircleView.swift */,
				78DD0A2B2A7F035800EA2939 /* MotionAnimationView.swift */,
				78B361192A811C6200A3463D /* CustomListRowView.swift */,
			);
			path = Components;
			sourceTree = "<group>";
		};
		78DD0A222A7D86F600EA2939 /* Utility */ = {
			isa = PBXGroup;
			children = (
				78DD0A232A7D874200EA2939 /* ColorExtension.swift */,
				78DD0A272A7EB3DC00EA2939 /* GradientButtonStyle.swift */,
			);
			path = Utility;
			sourceTree = "<group>";
		};
		78DD0A2D2A7F14CD00EA2939 /* Screen */ = {
			isa = PBXGroup;
			children = (
				78DD0A112A7D793B00EA2939 /* ContentView.swift */,
				78DD0A2E2A7F14E900EA2939 /* SettingsView.swift */,
			);
			path = Screen;
			sourceTree = "<group>";
		};
/* End PBXGroup section */

/* Begin PBXNativeTarget section */
		78DD0A0B2A7D793B00EA2939 /* Hike */ = {
			isa = PBXNativeTarget;
			buildConfigurationList = 78DD0A1A2A7D793D00EA2939 /* Build configuration list for PBXNativeTarget "Hike" */;
			buildPhases = (
				78DD0A082A7D793B00EA2939 /* Sources */,
				78DD0A092A7D793B00EA2939 /* Frameworks */,
				78DD0A0A2A7D793B00EA2939 /* Resources */,
			);
			buildRules = (
			);
			dependencies = (
			);
			name = Hike;
			productName = Hike;
			productReference = 78DD0A0C2A7D793B00EA2939 /* Hike.app */;
			productType = "com.apple.product-type.application";
		};
/* End PBXNativeTarget section */

/* Begin PBXProject section */
		78DD0A042A7D793B00EA2939 /* Project object */ = {
			isa = PBXProject;
			attributes = {
				BuildIndependentTargetsInParallel = 1;
				LastSwiftUpdateCheck = 1410;
				LastUpgradeCheck = 1410;
				TargetAttributes = {
					78DD0A0B2A7D793B00EA2939 = {
						CreatedOnToolsVersion = 14.1;
					};
				};
			};
			buildConfigurationList = 78DD0A072A7D793B00EA2939 /* Build configuration list for PBXProject "Hike" */;
			compatibilityVersion = "Xcode 14.0";
			developmentRegion = en;
			hasScannedForEncodings = 0;
			knownRegions = (
				en,
				Base,
			);
			mainGroup = 78DD0A032A7D793B00EA2939;
			productRefGroup = 78DD0A0D2A7D793B00EA2939 /* Products */;
			projectDirPath = "";
			projectRoot = "";
			targets = (
				78DD0A0B2A7D793B00EA2939 /* Hike */,
			);
		};
/* End PBXProject section */

/* Begin PBXResourcesBuildPhase section */
		78DD0A0A2A7D793B00EA2939 /* Resources */ = {
			isa = PBXResourcesBuildPhase;
			buildActionMask = 2147483647;
			files = (
				78DD0A172A7D793D00EA2939 /* Preview Assets.xcassets in Resources */,
				78DD0A142A7D793D00EA2939 /* Assets.xcassets in Resources */,
			);
			runOnlyForDeploymentPostprocessing = 0;
		};
/* End PBXResourcesBuildPhase section */

/* Begin PBXSourcesBuildPhase section */
		78DD0A082A7D793B00EA2939 /* Sources */ = {
			isa = PBXSourcesBuildPhase;
			buildActionMask = 2147483647;
			files = (
				78DD0A122A7D793B00EA2939 /* ContentView.swift in Sources */,
				78DD0A2A2A7EC00B00EA2939 /* CustomCircleView.swift in Sources */,
				78B3611A2A811C6200A3463D /* CustomListRowView.swift in Sources */,
				78DD0A1E2A7D82A700EA2939 /* CardView.swift in Sources */,
				78DD0A102A7D793B00EA2939 /* HikeApp.swift in Sources */,
				78DD0A262A7DB77D00EA2939 /* CustomButtonView.swift in Sources */,
				78DD0A2F2A7F14E900EA2939 /* SettingsView.swift in Sources */,
				78DD0A282A7EB3DC00EA2939 /* GradientButtonStyle.swift in Sources */,
				78DD0A2C2A7F035800EA2939 /* MotionAnimationView.swift in Sources */,
				78DD0A212A7D842F00EA2939 /* CustomBackgroundView.swift in Sources */,
				78DD0A242A7D874200EA2939 /* ColorExtension.swift in Sources */,
			);
			runOnlyForDeploymentPostprocessing = 0;
		};
/* End PBXSourcesBuildPhase section */

/* Begin XCBuildConfiguration section */
		78DD0A182A7D793D00EA2939 /* Debug */ = {
			isa = XCBuildConfiguration;
			buildSettings = {
				ALWAYS_SEARCH_USER_PATHS = NO;
				CLANG_ANALYZER_NONNULL = YES;
				CLANG_ANALYZER_NUMBER_OBJECT_CONVERSION = YES_AGGRESSIVE;
				CLANG_CXX_LANGUAGE_STANDARD = "gnu++20";
				CLANG_ENABLE_MODULES = YES;
				CLANG_ENABLE_OBJC_ARC = YES;
				CLANG_ENABLE_OBJC_WEAK = YES;
				CLANG_WARN_BLOCK_CAPTURE_AUTORELEASING = YES;
				CLANG_WARN_BOOL_CONVERSION = YES;
				CLANG_WARN_COMMA = YES;
				CLANG_WARN_CONSTANT_CONVERSION = YES;
				CLANG_WARN_DEPRECATED_OBJC_IMPLEMENTATIONS = YES;
				CLANG_WARN_DIRECT_OBJC_ISA_USAGE = YES_ERROR;
				CLANG_WARN_DOCUMENTATION_COMMENTS = YES;
				CLANG_WARN_EMPTY_BODY = YES;
				CLANG_WARN_ENUM_CONVERSION = YES;
				CLANG_WARN_INFINITE_RECURSION = YES;
				CLANG_WARN_INT_CONVERSION = YES;
				CLANG_WARN_NON_LITERAL_NULL_CONVERSION = YES;
				CLANG_WARN_OBJC_IMPLICIT_RETAIN_SELF = YES;
				CLANG_WARN_OBJC_LITERAL_CONVERSION = YES;
				CLANG_WARN_OBJC_ROOT_CLASS = YES_ERROR;
				CLANG_WARN_QUOTED_INCLUDE_IN_FRAMEWORK_HEADER = YES;
				CLANG_WARN_RANGE_LOOP_ANALYSIS = YES;
				CLANG_WARN_STRICT_PROTOTYPES = YES;
				CLANG_WARN_SUSPICIOUS_MOVE = YES;
				CLANG_WARN_UNGUARDED_AVAILABILITY = YES_AGGRESSIVE;
				CLANG_WARN_UNREACHABLE_CODE = YES;
				CLANG_WARN__DUPLICATE_METHOD_MATCH = YES;
				COPY_PHASE_STRIP = NO;
				DEBUG_INFORMATION_FORMAT = dwarf;
				ENABLE_STRICT_OBJC_MSGSEND = YES;
				ENABLE_TESTABILITY = YES;
				GCC_C_LANGUAGE_STANDARD = gnu11;
				GCC_DYNAMIC_NO_PIC = NO;
				GCC_NO_COMMON_BLOCKS = YES;
				GCC_OPTIMIZATION_LEVEL = 0;
				GCC_PREPROCESSOR_DEFINITIONS = (
					"DEBUG=1",
					"$(inherited)",
				);
				GCC_WARN_64_TO_32_BIT_CONVERSION = YES;
				GCC_WARN_ABOUT_RETURN_TYPE = YES_ERROR;
				GCC_WARN_UNDECLARED_SELECTOR = YES;
				GCC_WARN_UNINITIALIZED_AUTOS = YES_AGGRESSIVE;
				GCC_WARN_UNUSED_FUNCTION = YES;
				GCC_WARN_UNUSED_VARIABLE = YES;
				IPHONEOS_DEPLOYMENT_TARGET = 16.1;
				MTL_ENABLE_DEBUG_INFO = INCLUDE_SOURCE;
				MTL_FAST_MATH = YES;
				ONLY_ACTIVE_ARCH = YES;
				SDKROOT = iphoneos;
				SWIFT_ACTIVE_COMPILATION_CONDITIONS = DEBUG;
				SWIFT_OPTIMIZATION_LEVEL = "-Onone";
			};
			name = Debug;
		};
		78DD0A192A7D793D00EA2939 /* Release */ = {
			isa = XCBuildConfiguration;
			buildSettings = {
				ALWAYS_SEARCH_USER_PATHS = NO;
				CLANG_ANALYZER_NONNULL = YES;
				CLANG_ANALYZER_NUMBER_OBJECT_CONVERSION = YES_AGGRESSIVE;
				CLANG_CXX_LANGUAGE_STANDARD = "gnu++20";
				CLANG_ENABLE_MODULES = YES;
				CLANG_ENABLE_OBJC_ARC = YES;
				CLANG_ENABLE_OBJC_WEAK = YES;
				CLANG_WARN_BLOCK_CAPTURE_AUTORELEASING = YES;
				CLANG_WARN_BOOL_CONVERSION = YES;
				CLANG_WARN_COMMA = YES;
				CLANG_WARN_CONSTANT_CONVERSION = YES;
				CLANG_WARN_DEPRECATED_OBJC_IMPLEMENTATIONS = YES;
				CLANG_WARN_DIRECT_OBJC_ISA_USAGE = YES_ERROR;
				CLANG_WARN_DOCUMENTATION_COMMENTS = YES;
				CLANG_WARN_EMPTY_BODY = YES;
				CLANG_WARN_ENUM_CONVERSION = YES;
				CLANG_WARN_INFINITE_RECURSION = YES;
				CLANG_WARN_INT_CONVERSION = YES;
				CLANG_WARN_NON_LITERAL_NULL_CONVERSION = YES;
				CLANG_WARN_OBJC_IMPLICIT_RETAIN_SELF = YES;
				CLANG_WARN_OBJC_LITERAL_CONVERSION = YES;
				CLANG_WARN_OBJC_ROOT_CLASS = YES_ERROR;
				CLANG_WARN_QUOTED_INCLUDE_IN_FRAMEWORK_HEADER = YES;
				CLANG_WARN_RANGE_LOOP_ANALYSIS = YES;
				CLANG_WARN_STRICT_PROTOTYPES = YES;
				CLANG_WARN_SUSPICIOUS_MOVE = YES;
				CLANG_WARN_UNGUARDED_AVAILABILITY = YES_AGGRESSIVE;
				CLANG_WARN_UNREACHABLE_CODE = YES;
				CLANG_WARN__DUPLICATE_METHOD_MATCH = YES;
				COPY_PHASE_STRIP = NO;
				DEBUG_INFORMATION_FORMAT = "dwarf-with-dsym";
				ENABLE_NS_ASSERTIONS = NO;
				ENABLE_STRICT_OBJC_MSGSEND = YES;
				GCC_C_LANGUAGE_STANDARD = gnu11;
				GCC_NO_COMMON_BLOCKS = YES;
				GCC_WARN_64_TO_32_BIT_CONVERSION = YES;
				GCC_WARN_ABOUT_RETURN_TYPE = YES_ERROR;
				GCC_WARN_UNDECLARED_SELECTOR = YES;
				GCC_WARN_UNINITIALIZED_AUTOS = YES_AGGRESSIVE;
				GCC_WARN_UNUSED_FUNCTION = YES;
				GCC_WARN_UNUSED_VARIABLE = YES;
				IPHONEOS_DEPLOYMENT_TARGET = 16.1;
				MTL_ENABLE_DEBUG_INFO = NO;
				MTL_FAST_MATH = YES;
				SDKROOT = iphoneos;
				SWIFT_COMPILATION_MODE = wholemodule;
				SWIFT_OPTIMIZATION_LEVEL = "-O";
				VALIDATE_PRODUCT = YES;
			};
			name = Release;
		};
		78DD0A1B2A7D793D00EA2939 /* Debug */ = {
			isa = XCBuildConfiguration;
			buildSettings = {
				ASSETCATALOG_COMPILER_ALTERNATE_APPICON_NAMES = "AppIcon-Camera AppIcon-Mushroom AppIcon-Campfire AppIcon-Backpack AppIcon-Map AppIcon-MagnifyingGlass";
				ASSETCATALOG_COMPILER_APPICON_NAME = AppIcon;
				ASSETCATALOG_COMPILER_GLOBAL_ACCENT_COLOR_NAME = AccentColor;
				ASSETCATALOG_COMPILER_INCLUDE_ALL_APPICON_ASSETS = YES;
				CODE_SIGN_STYLE = Automatic;
				CURRENT_PROJECT_VERSION = 1;
				DEVELOPMENT_ASSET_PATHS = "\"Hike/Preview Content\"";
				DEVELOPMENT_TEAM = D239SVZYSC;
				ENABLE_PREVIEWS = YES;
				GENERATE_INFOPLIST_FILE = YES;
				INFOPLIST_KEY_UIApplicationSceneManifest_Generation = YES;
				INFOPLIST_KEY_UIApplicationSupportsIndirectInputEvents = YES;
				INFOPLIST_KEY_UILaunchScreen_Generation = YES;
				INFOPLIST_KEY_UISupportedInterfaceOrientations_iPad = "UIInterfaceOrientationPortrait UIInterfaceOrientationPortraitUpsideDown UIInterfaceOrientationLandscapeLeft UIInterfaceOrientationLandscapeRight";
				INFOPLIST_KEY_UISupportedInterfaceOrientations_iPhone = "UIInterfaceOrientationPortrait UIInterfaceOrientationLandscapeLeft UIInterfaceOrientationLandscapeRight";
				LD_RUNPATH_SEARCH_PATHS = (
					"$(inherited)",
					"@executable_path/Frameworks",
				);
				MARKETING_VERSION = 1.0;
				PRODUCT_BUNDLE_IDENTIFIER = com.eduardo.hike.Hike;
				PRODUCT_NAME = "$(TARGET_NAME)";
				SWIFT_EMIT_LOC_STRINGS = YES;
				SWIFT_VERSION = 5.0;
				TARGETED_DEVICE_FAMILY = "1,2";
			};
			name = Debug;
		};
		78DD0A1C2A7D793D00EA2939 /* Release */ = {
			isa = XCBuildConfiguration;
			buildSettings = {
				ASSETCATALOG_COMPILER_ALTERNATE_APPICON_NAMES = "AppIcon-Camera AppIcon-Mushroom AppIcon-Campfire AppIcon-Backpack AppIcon-Map AppIcon-MagnifyingGlass";
				ASSETCATALOG_COMPILER_APPICON_NAME = AppIcon;
				ASSETCATALOG_COMPILER_GLOBAL_ACCENT_COLOR_NAME = AccentColor;
				ASSETCATALOG_COMPILER_INCLUDE_ALL_APPICON_ASSETS = YES;
				CODE_SIGN_STYLE = Automatic;
				CURRENT_PROJECT_VERSION = 1;
				DEVELOPMENT_ASSET_PATHS = "\"Hike/Preview Content\"";
				DEVELOPMENT_TEAM = D239SVZYSC;
				ENABLE_PREVIEWS = YES;
				GENERATE_INFOPLIST_FILE = YES;
				INFOPLIST_KEY_UIApplicationSceneManifest_Generation = YES;
				INFOPLIST_KEY_UIApplicationSupportsIndirectInputEvents = YES;
				INFOPLIST_KEY_UILaunchScreen_Generation = YES;
				INFOPLIST_KEY_UISupportedInterfaceOrientations_iPad = "UIInterfaceOrientationPortrait UIInterfaceOrientationPortraitUpsideDown UIInterfaceOrientationLandscapeLeft UIInterfaceOrientationLandscapeRight";
				INFOPLIST_KEY_UISupportedInterfaceOrientations_iPhone = "UIInterfaceOrientationPortrait UIInterfaceOrientationLandscapeLeft UIInterfaceOrientationLandscapeRight";
				LD_RUNPATH_SEARCH_PATHS = (
					"$(inherited)",
					"@executable_path/Frameworks",
				);
				MARKETING_VERSION = 1.0;
				PRODUCT_BUNDLE_IDENTIFIER = com.eduardo.hike.Hike;
				PRODUCT_NAME = "$(TARGET_NAME)";
				SWIFT_EMIT_LOC_STRINGS = YES;
				SWIFT_VERSION = 5.0;
				TARGETED_DEVICE_FAMILY = "1,2";
			};
			name = Release;
		};
/* End XCBuildConfiguration section */

/* Begin XCConfigurationList section */
		78DD0A072A7D793B00EA2939 /* Build configuration list for PBXProject "Hike" */ = {
			isa = XCConfigurationList;
			buildConfigurations = (
				78DD0A182A7D793D00EA2939 /* Debug */,
				78DD0A192A7D793D00EA2939 /* Release */,
			);
			defaultConfigurationIsVisible = 0;
			defaultConfigurationName = Release;
		};
		78DD0A1A2A7D793D00EA2939 /* Build configuration list for PBXNativeTarget "Hike" */ = {
			isa = XCConfigurationList;
			buildConfigurations = (
				78DD0A1B2A7D793D00EA2939 /* Debug */,
				78DD0A1C2A7D793D00EA2939 /* Release */,
			);
			defaultConfigurationIsVisible = 0;
			defaultConfigurationName = Release;
		};
/* End XCConfigurationList section */
	};
	rootObject = 78DD0A042A7D793B00EA2939 /* Project object */;
}
